// !$*UTF8*$!
{
	archiveVersion = 1;
	classes = {
	};
	objectVersion = 56;
	objects = {

/* Begin PBXBuildFile section */
		37A4BDD229284361001C188A /* TestFlash.swift in Sources */ = {isa = PBXBuildFile; fileRef = 37A4BDD129284361001C188A /* TestFlash.swift */; };
		37A8610E28F74AAD006B48A4 /* ArtSnobApp.swift in Sources */ = {isa = PBXBuildFile; fileRef = 37A8610D28F74AAD006B48A4 /* ArtSnobApp.swift */; };
		37A8611028F74AAD006B48A4 /* ContentView.swift in Sources */ = {isa = PBXBuildFile; fileRef = 37A8610F28F74AAD006B48A4 /* ContentView.swift */; };
		37A8611228F74AB0006B48A4 /* Assets.xcassets in Resources */ = {isa = PBXBuildFile; fileRef = 37A8611128F74AB0006B48A4 /* Assets.xcassets */; };
		37A8611528F74AB0006B48A4 /* Preview Assets.xcassets in Resources */ = {isa = PBXBuildFile; fileRef = 37A8611428F74AB0006B48A4 /* Preview Assets.xcassets */; };
		37A8611C28F762F0006B48A4 /* Home.swift in Sources */ = {isa = PBXBuildFile; fileRef = 37A8611B28F762F0006B48A4 /* Home.swift */; };
		37A8611E28F76D08006B48A4 /* ArtScroll.swift in Sources */ = {isa = PBXBuildFile; fileRef = 37A8611D28F76D08006B48A4 /* ArtScroll.swift */; };
		37A8612029038D43006B48A4 /* FlashCardGame.swift in Sources */ = {isa = PBXBuildFile; fileRef = 37A8611F29038D43006B48A4 /* FlashCardGame.swift */; };
/* End PBXBuildFile section */

/* Begin PBXFileReference section */
		37A4BDD129284361001C188A /* TestFlash.swift */ = {isa = PBXFileReference; lastKnownFileType = sourcecode.swift; path = TestFlash.swift; sourceTree = "<group>"; };
		37A8610A28F74AAD006B48A4 /* ArtSnob.app */ = {isa = PBXFileReference; explicitFileType = wrapper.application; includeInIndex = 0; path = ArtSnob.app; sourceTree = BUILT_PRODUCTS_DIR; };
		37A8610D28F74AAD006B48A4 /* ArtSnobApp.swift */ = {isa = PBXFileReference; lastKnownFileType = sourcecode.swift; path = ArtSnobApp.swift; sourceTree = "<group>"; };
		37A8610F28F74AAD006B48A4 /* ContentView.swift */ = {isa = PBXFileReference; lastKnownFileType = sourcecode.swift; path = ContentView.swift; sourceTree = "<group>"; };
		37A8611128F74AB0006B48A4 /* Assets.xcassets */ = {isa = PBXFileReference; lastKnownFileType = folder.assetcatalog; path = Assets.xcassets; sourceTree = "<group>"; };
		37A8611428F74AB0006B48A4 /* Preview Assets.xcassets */ = {isa = PBXFileReference; lastKnownFileType = folder.assetcatalog; path = "Preview Assets.xcassets"; sourceTree = "<group>"; };
		37A8611B28F762F0006B48A4 /* Home.swift */ = {isa = PBXFileReference; lastKnownFileType = sourcecode.swift; path = Home.swift; sourceTree = "<group>"; };
		37A8611D28F76D08006B48A4 /* ArtScroll.swift */ = {isa = PBXFileReference; lastKnownFileType = sourcecode.swift; path = ArtScroll.swift; sourceTree = "<group>"; };
		37A8611F29038D43006B48A4 /* FlashCardGame.swift */ = {isa = PBXFileReference; lastKnownFileType = sourcecode.swift; path = FlashCardGame.swift; sourceTree = "<group>"; };
/* End PBXFileReference section */

/* Begin PBXFrameworksBuildPhase section */
		37A8610728F74AAD006B48A4 /* Frameworks */ = {
			isa = PBXFrameworksBuildPhase;
			buildActionMask = 2147483647;
			files = (
			);
			runOnlyForDeploymentPostprocessing = 0;
		};
/* End PBXFrameworksBuildPhase section */

/* Begin PBXGroup section */
		37A8610128F74AAD006B48A4 = {
			isa = PBXGroup;
			children = (
				37A8610C28F74AAD006B48A4 /* ArtSnob */,
				37A8610B28F74AAD006B48A4 /* Products */,
			);
			sourceTree = "<group>";
		};
		37A8610B28F74AAD006B48A4 /* Products */ = {
			isa = PBXGroup;
			children = (
				37A8610A28F74AAD006B48A4 /* ArtSnob.app */,
			);
			name = Products;
			sourceTree = "<group>";
		};
		37A8610C28F74AAD006B48A4 /* ArtSnob */ = {
			isa = PBXGroup;
			children = (
				37A4BDD129284361001C188A /* TestFlash.swift */,
				37A8610D28F74AAD006B48A4 /* ArtSnobApp.swift */,
				37A8610F28F74AAD006B48A4 /* ContentView.swift */,
				37A8611B28F762F0006B48A4 /* Home.swift */,
				37A8611D28F76D08006B48A4 /* ArtScroll.swift */,
				37A8611F29038D43006B48A4 /* FlashCardGame.swift */,
				37A8611128F74AB0006B48A4 /* Assets.xcassets */,
				37A8611328F74AB0006B48A4 /* Preview Content */,
			);
			path = ArtSnob;
			sourceTree = "<group>";
		};
		37A8611328F74AB0006B48A4 /* Preview Content */ = {
			isa = PBXGroup;
			children = (
				37A8611428F74AB0006B48A4 /* Preview Assets.xcassets */,
			);
			path = "Preview Content";
			sourceTree = "<group>";
		};
/* End PBXGroup section */

/* Begin PBXNativeTarget section */
		37A8610928F74AAD006B48A4 /* ArtSnob */ = {
			isa = PBXNativeTarget;
			buildConfigurationList = 37A8611828F74AB0006B48A4 /* Build configuration list for PBXNativeTarget "ArtSnob" */;
			buildPhases = (
				37A8610628F74AAD006B48A4 /* Sources */,
				37A8610728F74AAD006B48A4 /* Frameworks */,
				37A8610828F74AAD006B48A4 /* Resources */,
			);
			buildRules = (
			);
			dependencies = (
			);
			name = ArtSnob;
			productName = ArtSnob;
			productReference = 37A8610A28F74AAD006B48A4 /* ArtSnob.app */;
			productType = "com.apple.product-type.application";
		};
/* End PBXNativeTarget section */

/* Begin PBXProject section */
		37A8610228F74AAD006B48A4 /* Project object */ = {
			isa = PBXProject;
			attributes = {
				BuildIndependentTargetsInParallel = 1;
				LastSwiftUpdateCheck = 1400;
				LastUpgradeCheck = 1400;
				TargetAttributes = {
					37A8610928F74AAD006B48A4 = {
						CreatedOnToolsVersion = 14.0.1;
					};
				};
			};
			buildConfigurationList = 37A8610528F74AAD006B48A4 /* Build configuration list for PBXProject "ArtSnob" */;
			compatibilityVersion = "Xcode 14.0";
			developmentRegion = en;
			hasScannedForEncodings = 0;
			knownRegions = (
				en,
				Base,
			);
			mainGroup = 37A8610128F74AAD006B48A4;
			productRefGroup = 37A8610B28F74AAD006B48A4 /* Products */;
			projectDirPath = "";
			projectRoot = "";
			targets = (
				37A8610928F74AAD006B48A4 /* ArtSnob */,
			);
		};
/* End PBXProject section */

/* Begin PBXResourcesBuildPhase section */
		37A8610828F74AAD006B48A4 /* Resources */ = {
			isa = PBXResourcesBuildPhase;
			buildActionMask = 2147483647;
			files = (
				37A8611528F74AB0006B48A4 /* Preview Assets.xcassets in Resources */,
				37A8611228F74AB0006B48A4 /* Assets.xcassets in Resources */,
			);
			runOnlyForDeploymentPostprocessing = 0;
		};
/* End PBXResourcesBuildPhase section */

/* Begin PBXSourcesBuildPhase section */
		37A8610628F74AAD006B48A4 /* Sources */ = {
			isa = PBXSourcesBuildPhase;
			buildActionMask = 2147483647;
			files = (
				37A8611E28F76D08006B48A4 /* ArtScroll.swift in Sources */,
				37A8611028F74AAD006B48A4 /* ContentView.swift in Sources */,
				37A4BDD229284361001C188A /* TestFlash.swift in Sources */,
				37A8612029038D43006B48A4 /* FlashCardGame.swift in Sources */,
				37A8611C28F762F0006B48A4 /* Home.swift in Sources */,
				37A8610E28F74AAD006B48A4 /* ArtSnobApp.swift in Sources */,
			);
			runOnlyForDeploymentPostprocessing = 0;
		};
/* End PBXSourcesBuildPhase section */

/* Begin XCBuildConfiguration section */
		37A8611628F74AB0006B48A4 /* Debug */ = {
			isa = XCBuildConfiguration;
			buildSettings = {
				ALWAYS_SEARCH_USER_PATHS = NO;
				CLANG_ANALYZER_NONNULL = YES;
				CLANG_ANALYZER_NUMBER_OBJECT_CONVERSION = YES_AGGRESSIVE;
				CLANG_CXX_LANGUAGE_STANDARD = "gnu++20";
				CLANG_ENABLE_MODULES = YES;
				CLANG_ENABLE_OBJC_ARC = YES;
				CLANG_ENABLE_OBJC_WEAK = YES;
				CLANG_WARN_BLOCK_CAPTURE_AUTORELEASING = YES;
				CLANG_WARN_BOOL_CONVERSION = YES;
				CLANG_WARN_COMMA = YES;
				CLANG_WARN_CONSTANT_CONVERSION = YES;
				CLANG_WARN_DEPRECATED_OBJC_IMPLEMENTATIONS = YES;
				CLANG_WARN_DIRECT_OBJC_ISA_USAGE = YES_ERROR;
				CLANG_WARN_DOCUMENTATION_COMMENTS = YES;
				CLANG_WARN_EMPTY_BODY = YES;
				CLANG_WARN_ENUM_CONVERSION = YES;
				CLANG_WARN_INFINITE_RECURSION = YES;
				CLANG_WARN_INT_CONVERSION = YES;
				CLANG_WARN_NON_LITERAL_NULL_CONVERSION = YES;
				CLANG_WARN_OBJC_IMPLICIT_RETAIN_SELF = YES;
				CLANG_WARN_OBJC_LITERAL_CONVERSION = YES;
				CLANG_WARN_OBJC_ROOT_CLASS = YES_ERROR;
				CLANG_WARN_QUOTED_INCLUDE_IN_FRAMEWORK_HEADER = YES;
				CLANG_WARN_RANGE_LOOP_ANALYSIS = YES;
				CLANG_WARN_STRICT_PROTOTYPES = YES;
				CLANG_WARN_SUSPICIOUS_MOVE = YES;
				CLANG_WARN_UNGUARDED_AVAILABILITY = YES_AGGRESSIVE;
				CLANG_WARN_UNREACHABLE_CODE = YES;
				CLANG_WARN__DUPLICATE_METHOD_MATCH = YES;
				COPY_PHASE_STRIP = NO;
				DEBUG_INFORMATION_FORMAT = dwarf;
				ENABLE_STRICT_OBJC_MSGSEND = YES;
				ENABLE_TESTABILITY = YES;
				GCC_C_LANGUAGE_STANDARD = gnu11;
				GCC_DYNAMIC_NO_PIC = NO;
				GCC_NO_COMMON_BLOCKS = YES;
				GCC_OPTIMIZATION_LEVEL = 0;
				GCC_PREPROCESSOR_DEFINITIONS = (
					"DEBUG=1",
					"$(inherited)",
				);
				GCC_WARN_64_TO_32_BIT_CONVERSION = YES;
				GCC_WARN_ABOUT_RETURN_TYPE = YES_ERROR;
				GCC_WARN_UNDECLARED_SELECTOR = YES;
				GCC_WARN_UNINITIALIZED_AUTOS = YES_AGGRESSIVE;
				GCC_WARN_UNUSED_FUNCTION = YES;
				GCC_WARN_UNUSED_VARIABLE = YES;
				IPHONEOS_DEPLOYMENT_TARGET = 16.0;
				MTL_ENABLE_DEBUG_INFO = INCLUDE_SOURCE;
				MTL_FAST_MATH = YES;
				ONLY_ACTIVE_ARCH = YES;
				SDKROOT = iphoneos;
				SWIFT_ACTIVE_COMPILATION_CONDITIONS = DEBUG;
				SWIFT_OPTIMIZATION_LEVEL = "-Onone";
			};
			name = Debug;
		};
		37A8611728F74AB0006B48A4 /* Release */ = {
			isa = XCBuildConfiguration;
			buildSettings = {
				ALWAYS_SEARCH_USER_PATHS = NO;
				CLANG_ANALYZER_NONNULL = YES;
				CLANG_ANALYZER_NUMBER_OBJECT_CONVERSION = YES_AGGRESSIVE;
				CLANG_CXX_LANGUAGE_STANDARD = "gnu++20";
				CLANG_ENABLE_MODULES = YES;
				CLANG_ENABLE_OBJC_ARC = YES;
				CLANG_ENABLE_OBJC_WEAK = YES;
				CLANG_WARN_BLOCK_CAPTURE_AUTORELEASING = YES;
				CLANG_WARN_BOOL_CONVERSION = YES;
				CLANG_WARN_COMMA = YES;
				CLANG_WARN_CONSTANT_CONVERSION = YES;
				CLANG_WARN_DEPRECATED_OBJC_IMPLEMENTATIONS = YES;
				CLANG_WARN_DIRECT_OBJC_ISA_USAGE = YES_ERROR;
				CLANG_WARN_DOCUMENTATION_COMMENTS = YES;
				CLANG_WARN_EMPTY_BODY = YES;
				CLANG_WARN_ENUM_CONVERSION = YES;
				CLANG_WARN_INFINITE_RECURSION = YES;
				CLANG_WARN_INT_CONVERSION = YES;
				CLANG_WARN_NON_LITERAL_NULL_CONVERSION = YES;
				CLANG_WARN_OBJC_IMPLICIT_RETAIN_SELF = YES;
				CLANG_WARN_OBJC_LITERAL_CONVERSION = YES;
				CLANG_WARN_OBJC_ROOT_CLASS = YES_ERROR;
				CLANG_WARN_QUOTED_INCLUDE_IN_FRAMEWORK_HEADER = YES;
				CLANG_WARN_RANGE_LOOP_ANALYSIS = YES;
				CLANG_WARN_STRICT_PROTOTYPES = YES;
				CLANG_WARN_SUSPICIOUS_MOVE = YES;
				CLANG_WARN_UNGUARDED_AVAILABILITY = YES_AGGRESSIVE;
				CLANG_WARN_UNREACHABLE_CODE = YES;
				CLANG_WARN__DUPLICATE_METHOD_MATCH = YES;
				COPY_PHASE_STRIP = NO;
				DEBUG_INFORMATION_FORMAT = "dwarf-with-dsym";
				ENABLE_NS_ASSERTIONS = NO;
				ENABLE_STRICT_OBJC_MSGSEND = YES;
				GCC_C_LANGUAGE_STANDARD = gnu11;
				GCC_NO_COMMON_BLOCKS = YES;
				GCC_WARN_64_TO_32_BIT_CONVERSION = YES;
				GCC_WARN_ABOUT_RETURN_TYPE = YES_ERROR;
				GCC_WARN_UNDECLARED_SELECTOR = YES;
				GCC_WARN_UNINITIALIZED_AUTOS = YES_AGGRESSIVE;
				GCC_WARN_UNUSED_FUNCTION = YES;
				GCC_WARN_UNUSED_VARIABLE = YES;
				IPHONEOS_DEPLOYMENT_TARGET = 16.0;
				MTL_ENABLE_DEBUG_INFO = NO;
				MTL_FAST_MATH = YES;
				SDKROOT = iphoneos;
				SWIFT_COMPILATION_MODE = wholemodule;
				SWIFT_OPTIMIZATION_LEVEL = "-O";
				VALIDATE_PRODUCT = YES;
			};
			name = Release;
		};
		37A8611928F74AB0006B48A4 /* Debug */ = {
			isa = XCBuildConfiguration;
			buildSettings = {
				ASSETCATALOG_COMPILER_APPICON_NAME = AppIcon;
				ASSETCATALOG_COMPILER_GLOBAL_ACCENT_COLOR_NAME = AccentColor;
				CODE_SIGN_STYLE = Automatic;
				CURRENT_PROJECT_VERSION = 1;
				DEVELOPMENT_ASSET_PATHS = "\"ArtSnob/Preview Content\"";
				ENABLE_PREVIEWS = YES;
				GENERATE_INFOPLIST_FILE = YES;
				INFOPLIST_KEY_UIApplicationSceneManifest_Generation = YES;
				INFOPLIST_KEY_UIApplicationSupportsIndirectInputEvents = YES;
				INFOPLIST_KEY_UILaunchScreen_Generation = YES;
				INFOPLIST_KEY_UISupportedInterfaceOrientations = "UIInterfaceOrientationLandscapeLeft UIInterfaceOrientationLandscapeRight";
				LD_RUNPATH_SEARCH_PATHS = (
					"$(inherited)",
					"@executable_path/Frameworks",
				);
				MARKETING_VERSION = 1.0;
				PRODUCT_BUNDLE_IDENTIFIER = BeeMoo.ArtSnob;
				PRODUCT_NAME = "$(TARGET_NAME)";
				SWIFT_EMIT_LOC_STRINGS = YES;
				SWIFT_VERSION = 5.0;
				TARGETED_DEVICE_FAMILY = "1,2";
			};
			name = Debug;
		};
		37A8611A28F74AB0006B48A4 /* Release */ = {
			isa = XCBuildConfiguration;
			buildSettings = {
				ASSETCATALOG_COMPILER_APPICON_NAME = AppIcon;
				ASSETCATALOG_COMPILER_GLOBAL_ACCENT_COLOR_NAME = AccentColor;
				CODE_SIGN_STYLE = Automatic;
				CURRENT_PROJECT_VERSION = 1;
				DEVELOPMENT_ASSET_PATHS = "\"ArtSnob/Preview Content\"";
				ENABLE_PREVIEWS = YES;
				GENERATE_INFOPLIST_FILE = YES;
				INFOPLIST_KEY_UIApplicationSceneManifest_Generation = YES;
				INFOPLIST_KEY_UIApplicationSupportsIndirectInputEvents = YES;
				INFOPLIST_KEY_UILaunchScreen_Generation = YES;
				INFOPLIST_KEY_UISupportedInterfaceOrientations = "UIInterfaceOrientationLandscapeLeft UIInterfaceOrientationLandscapeRight";
				LD_RUNPATH_SEARCH_PATHS = (
					"$(inherited)",
					"@executable_path/Frameworks",
				);
				MARKETING_VERSION = 1.0;
				PRODUCT_BUNDLE_IDENTIFIER = BeeMoo.ArtSnob;
				PRODUCT_NAME = "$(TARGET_NAME)";
				SWIFT_EMIT_LOC_STRINGS = YES;
				SWIFT_VERSION = 5.0;
				TARGETED_DEVICE_FAMILY = "1,2";
			};
			name = Release;
		};
/* End XCBuildConfiguration section */

/* Begin XCConfigurationList section */
		37A8610528F74AAD006B48A4 /* Build configuration list for PBXProject "ArtSnob" */ = {
			isa = XCConfigurationList;
			buildConfigurations = (
				37A8611628F74AB0006B48A4 /* Debug */,
				37A8611728F74AB0006B48A4 /* Release */,
			);
			defaultConfigurationIsVisible = 0;
			defaultConfigurationName = Release;
		};
		37A8611828F74AB0006B48A4 /* Build configuration list for PBXNativeTarget "ArtSnob" */ = {
			isa = XCConfigurationList;
			buildConfigurations = (
				37A8611928F74AB0006B48A4 /* Debug */,
				37A8611A28F74AB0006B48A4 /* Release */,
			);
			defaultConfigurationIsVisible = 0;
			defaultConfigurationName = Release;
		};
/* End XCConfigurationList section */
	};
	rootObject = 37A8610228F74AAD006B48A4 /* Project object */;
}
